{
  "dependencies": {
    "awssum": {
      "version": "0.12.2",
      "from": "awssum@0.12.2",
      "resolved": "https://registry.npmjs.org/awssum/-/awssum-0.12.2.tgz",
      "dependencies": {
        "fmt": {
          "version": "0.4.0",
          "from": "fmt@0.4.0",
          "resolved": "https://registry.npmjs.org/fmt/-/fmt-0.4.0.tgz"
        },
        "underscore": {
          "version": "1.4.4",
          "from": "underscore@1.4.4",
          "resolved": "https://registry.npmjs.org/underscore/-/underscore-1.4.4.tgz"
        },
        "xml2js": {
          "version": "0.1.14",
          "from": "xml2js@0.1.14",
          "resolved": "https://registry.npmjs.org/xml2js/-/xml2js-0.1.14.tgz",
          "dependencies": {
            "sax": {
              "version": "0.5.1",
              "from": "sax@0.5.1",
              "resolved": "https://registry.npmjs.org/sax/-/sax-0.5.1.tgz"
            }
          }
        },
        "dateformat": {
          "version": "1.0.4-1.2.3",
          "from": "dateformat@1.0.4-1.2.3",
          "resolved": "https://registry.npmjs.org/dateformat/-/dateformat-1.0.4-1.2.3.tgz"
        },
        "xml": {
          "version": "0.0.7",
          "from": "xml@0.0.7",
          "resolved": "https://registry.npmjs.org/xml/-/xml-0.0.7.tgz"
        },
        "data2xml": {
          "version": "0.4.0",
          "from": "data2xml@0.4.0",
          "resolved": "https://registry.npmjs.org/data2xml/-/data2xml-0.4.0.tgz"
        },
        "passgen": {
          "version": "1.0.1",
          "from": "passgen@1.0.1",
          "resolved": "https://registry.npmjs.org/passgen/-/passgen-1.0.1.tgz",
          "dependencies": {
            "vows": {
              "version": "0.7.0",
              "from": "vows@0.7.0",
              "resolved": "https://registry.npmjs.org/vows/-/vows-0.7.0.tgz",
              "dependencies": {
                "eyes": {
                  "version": "0.1.8",
                  "from": "eyes@0.1.8",
                  "resolved": "https://registry.npmjs.org/eyes/-/eyes-0.1.8.tgz"
                },
                "diff": {
                  "version": "1.0.4",
                  "from": "diff@1.0.4",
                  "resolved": "https://registry.npmjs.org/diff/-/diff-1.0.4.tgz"
                }
              }
            }
          }
        }
      }
    },
    "underscore.string": {
      "version": "2.3.1",
      "from": "underscore.string@2.3.1",
      "resolved": "https://registry.npmjs.org/underscore.string/-/underscore.string-2.3.1.tgz"
    }
  }
}
